
Microsoft Visual Studio Solution File, Format Version 12.00
# Visual Studio Version 17
VisualStudioVersion = 17.11.34909.67
MinimumVisualStudioVersion = 10.0.40219.1
Project("{9A19103F-16F7-4668-BE54-9A1E7A4F7556}") = "EFCoreApp", "EFCoreApp\EFCoreApp.csproj", "{66014A83-0F01-47C8-AC6A-FD49A8AB036E}"
EndProject
Project("{FAE04EC0-301F-11D3-BF4B-00C04F79EFBC}") = "EFCoreLib", "EFCoreLib\EFCoreLib.csproj", "{1D0568BA-BA5D-4167-B758-2F67EA2A2BF7}"
EndProject
Global
	GlobalSection(SolutionConfigurationPlatforms) = preSolution
		Debug|Any CPU = Debug|Any CPU
		Release|Any CPU = Release|Any CPU
	EndGlobalSection
	GlobalSection(ProjectConfigurationPlatforms) = postSolution
		{66014A83-0F01-47C8-AC6A-FD49A8AB036E}.Debug|Any CPU.ActiveCfg = Debug|Any CPU
		{66014A83-0F01-47C8-AC6A-FD49A8AB036E}.Debug|Any CPU.Build.0 = Debug|Any CPU
		{66014A83-0F01-47C8-AC6A-FD49A8AB036E}.Release|Any CPU.ActiveCfg = Release|Any CPU
		{66014A83-0F01-47C8-AC6A-FD49A8AB036E}.Release|Any CPU.Build.0 = Release|Any CPU
		{1D0568BA-BA5D-4167-B758-2F67EA2A2BF7}.Debug|Any CPU.ActiveCfg = Debug|Any CPU
		{1D0568BA-BA5D-4167-B758-2F67EA2A2BF7}.Debug|Any CPU.Build.0 = Debug|Any CPU
		{1D0568BA-BA5D-4167-B758-2F67EA2A2BF7}.Release|Any CPU.ActiveCfg = Release|Any CPU
		{1D0568BA-BA5D-4167-B758-2F67EA2A2BF7}.Release|Any CPU.Build.0 = Release|Any CPU
	EndGlobalSection
	GlobalSection(SolutionProperties) = preSolution
		HideSolutionNode = FALSE
	EndGlobalSection
	GlobalSection(ExtensibilityGlobals) = postSolution
		SolutionGuid = {A1C1B3A4-BAA7-4239-9B84-3ADDBA220B22}
	EndGlobalSection
EndGlobal
