<Solution>
  <Folder Name="/efcore-dotnet/Solution Items/">
    <File Path=".editorconfig" />
    <File Path="Directory.Build.props" />
    <File Path="Directory.Packages.props" />
    <File Path="docker-compose.yml" />
  </Folder>
  <Folder Name="/efcore-dotnet/">
    <Project Path="src/EFCoreApp/EFCoreApp.csproj" />
    <Project Path="src/EFCoreLib/EFCoreLib.csproj" />
  </Folder>
</Solution>
